
Microsoft Visual Studio Solution File, Format Version 12.00
# Visual Studio Version 16
VisualStudioVersion = 16.0.30320.27
MinimumVisualStudioVersion = 10.0.40219.1
Project("{8BC9CEB8-8B4A-11D0-8D11-00A0C91BC942}") = "Menu", "src\Menu.vcxproj", "{130629F0-649C-4E82-B00A-590905509FFB}"
EndProject
Global
	GlobalSection(SolutionConfigurationPlatforms) = preSolution
		GTAIV TBOGT|Itanium = GTAIV TBOGT|Itanium
		GTAIV TBOGT|x64 = GTAIV TBOGT|x64
		GTAIV TBOGT|x86 = GTAIV TBOGT|x86
		GTAIV TLAD|Itanium = GTAIV TLAD|Itanium
		GTAIV TLAD|x64 = GTAIV TLAD|x64
		GTAIV TLAD|x86 = GTAIV TLAD|x86
		GTAIV|Itanium = GTAIV|Itanium
		GTAIV|x64 = GTAIV|x64
		GTAIV|x86 = GTAIV|x86
		GTAV|Itanium = GTAV|Itanium
		GTAV|x64 = GTAV|x64
		GTAV|x86 = GTAV|x86
		RDR _SC|Itanium = RDR _SC|Itanium
		RDR _SC|x64 = RDR _SC|x64
		RDR _SC|x86 = RDR _SC|x86
		RDR SCO|Itanium = RDR SCO|Itanium
		RDR SCO|x64 = RDR SCO|x64
		RDR SCO|x86 = RDR SCO|x86
	EndGlobalSection
	GlobalSection(ProjectConfigurationPlatforms) = postSolution
		{130629F0-649C-4E82-B00A-590905509FFB}.GTAIV TBOGT|Itanium.ActiveCfg = GTAIV TBOGT|Itanium
		{130629F0-649C-4E82-B00A-590905509FFB}.GTAIV TBOGT|Itanium.Build.0 = GTAIV TBOGT|Itanium
		{130629F0-649C-4E82-B00A-590905509FFB}.GTAIV TBOGT|x64.ActiveCfg = GTAIV TBOGT|x64
		{130629F0-649C-4E82-B00A-590905509FFB}.GTAIV TBOGT|x64.Build.0 = GTAIV TBOGT|x64
		{130629F0-649C-4E82-B00A-590905509FFB}.GTAIV TBOGT|x86.ActiveCfg = GTAIV TBOGT|Win32
		{130629F0-649C-4E82-B00A-590905509FFB}.GTAIV TBOGT|x86.Build.0 = GTAIV TBOGT|Win32
		{130629F0-649C-4E82-B00A-590905509FFB}.GTAIV TLAD|Itanium.ActiveCfg = GTAIV TLAD|Itanium
		{130629F0-649C-4E82-B00A-590905509FFB}.GTAIV TLAD|Itanium.Build.0 = GTAIV TLAD|Itanium
		{130629F0-649C-4E82-B00A-590905509FFB}.GTAIV TLAD|x64.ActiveCfg = GTAIV TLAD|x64
		{130629F0-649C-4E82-B00A-590905509FFB}.GTAIV TLAD|x64.Build.0 = GTAIV TLAD|x64
		{130629F0-649C-4E82-B00A-590905509FFB}.GTAIV TLAD|x86.ActiveCfg = GTAIV TLAD|Win32
		{130629F0-649C-4E82-B00A-590905509FFB}.GTAIV TLAD|x86.Build.0 = GTAIV TLAD|Win32
		{130629F0-649C-4E82-B00A-590905509FFB}.GTAIV|Itanium.ActiveCfg = GTAIV|Itanium
		{130629F0-649C-4E82-B00A-590905509FFB}.GTAIV|Itanium.Build.0 = GTAIV|Itanium
		{130629F0-649C-4E82-B00A-590905509FFB}.GTAIV|x64.ActiveCfg = GTAIV|x64
		{130629F0-649C-4E82-B00A-590905509FFB}.GTAIV|x64.Build.0 = GTAIV|x64
		{130629F0-649C-4E82-B00A-590905509FFB}.GTAIV|x86.ActiveCfg = GTAIV|Win32
		{130629F0-649C-4E82-B00A-590905509FFB}.GTAIV|x86.Build.0 = GTAIV|Win32
		{130629F0-649C-4E82-B00A-590905509FFB}.GTAV|Itanium.ActiveCfg = GTAV|Itanium
		{130629F0-649C-4E82-B00A-590905509FFB}.GTAV|Itanium.Build.0 = GTAV|Itanium
		{130629F0-649C-4E82-B00A-590905509FFB}.GTAV|x64.ActiveCfg = GTAV|x64
		{130629F0-649C-4E82-B00A-590905509FFB}.GTAV|x64.Build.0 = GTAV|x64
		{130629F0-649C-4E82-B00A-590905509FFB}.GTAV|x86.ActiveCfg = GTAV|Win32
		{130629F0-649C-4E82-B00A-590905509FFB}.GTAV|x86.Build.0 = GTAV|Win32
		{130629F0-649C-4E82-B00A-590905509FFB}.RDR _SC|Itanium.ActiveCfg = RDR _SC|Itanium
		{130629F0-649C-4E82-B00A-590905509FFB}.RDR _SC|Itanium.Build.0 = RDR _SC|Itanium
		{130629F0-649C-4E82-B00A-590905509FFB}.RDR _SC|x64.ActiveCfg = RDR _SC|x64
		{130629F0-649C-4E82-B00A-590905509FFB}.RDR _SC|x64.Build.0 = RDR _SC|x64
		{130629F0-649C-4E82-B00A-590905509FFB}.RDR _SC|x86.ActiveCfg = RDR _SC|Win32
		{130629F0-649C-4E82-B00A-590905509FFB}.RDR _SC|x86.Build.0 = RDR _SC|Win32
		{130629F0-649C-4E82-B00A-590905509FFB}.RDR SCO|Itanium.ActiveCfg = RDR SCO|Itanium
		{130629F0-649C-4E82-B00A-590905509FFB}.RDR SCO|Itanium.Build.0 = RDR SCO|Itanium
		{130629F0-649C-4E82-B00A-590905509FFB}.RDR SCO|x64.ActiveCfg = RDR SCO|x64
		{130629F0-649C-4E82-B00A-590905509FFB}.RDR SCO|x64.Build.0 = RDR SCO|x64
		{130629F0-649C-4E82-B00A-590905509FFB}.RDR SCO|x86.ActiveCfg = RDR SCO|Win32
		{130629F0-649C-4E82-B00A-590905509FFB}.RDR SCO|x86.Build.0 = RDR SCO|Win32
	EndGlobalSection
	GlobalSection(SolutionProperties) = preSolution
		HideSolutionNode = FALSE
	EndGlobalSection
	GlobalSection(ExtensibilityGlobals) = postSolution
		SolutionGuid = {78A78457-C4FC-44B5-8412-01722693A42A}
	EndGlobalSection
EndGlobal
