<?xml version="1.0" encoding="utf-8"?>
<Project ToolsVersion="4.0" xmlns="http://schemas.microsoft.com/developer/msbuild/2003">
  <ItemGroup>
    <Filter Include="include">
      <UniqueIdentifier>{99bf53d6-378f-413e-b921-40ff6f9d3da1}</UniqueIdentifier>
    </Filter>
    <Filter Include="Source Files">
      <UniqueIdentifier>{053dd82d-826d-458a-997e-921c5a8208b1}</UniqueIdentifier>
      <Extensions>
      </Extensions>
    </Filter>
    <Filter Include="Resource Files">
      <UniqueIdentifier>{56e85d47-cf3e-47cd-9b83-952caed44f1c}</UniqueIdentifier>
    </Filter>
    <Filter Include="Header Files">
      <UniqueIdentifier>{40e788e5-9ec8-4d99-913f-3f3eb11dba9b}</UniqueIdentifier>
    </Filter>
    <Filter Include="Source Files\mods">
      <UniqueIdentifier>{39485b75-34a8-43f9-bb94-22b872d7b48b}</UniqueIdentifier>
    </Filter>
    <Filter Include="include\SC-CL">
      <UniqueIdentifier>{456602c3-bb45-4bdb-a056-50ce76fe2906}</UniqueIdentifier>
    </Filter>
    <Filter Include="include\SC-CL\RDR">
      <UniqueIdentifier>{96d64924-cb91-4af9-b6b7-2560133ae9e6}</UniqueIdentifier>
    </Filter>
  </ItemGroup>
  <ItemGroup>
    <ClInclude Include="util.h">
      <Filter>include</Filter>
    </ClInclude>
    <ClInclude Include="menu_backend.h">
      <Filter>include</Filter>
    </ClInclude>
    <ClInclude Include="menu.h">
      <Filter>include</Filter>
    </ClInclude>
    <ClInclude Include="mods\mods.h">
      <Filter>include</Filter>
    </ClInclude>
    <ClInclude Include="..\include\common.h">
      <Filter>include\SC-CL</Filter>
    </ClInclude>
    <ClInclude Include="..\include\constants.h">
      <Filter>include\SC-CL</Filter>
    </ClInclude>
    <ClInclude Include="..\include\intrinsics.h">
      <Filter>include\SC-CL</Filter>
    </ClInclude>
    <ClInclude Include="..\include\natives.h">
      <Filter>include\SC-CL</Filter>
    </ClInclude>
    <ClInclude Include="..\include\types.h">
      <Filter>include\SC-CL</Filter>
    </ClInclude>
    <ClInclude Include="..\include\varargs.h">
      <Filter>include\SC-CL</Filter>
    </ClInclude>
    <ClInclude Include="..\include\RDR\consts32.h">
      <Filter>include\SC-CL\RDR</Filter>
    </ClInclude>
    <ClInclude Include="..\include\RDR\natives32.h">
      <Filter>include\SC-CL\RDR</Filter>
    </ClInclude>
  </ItemGroup>
  <ItemGroup>
    <ClCompile Include="util.c">
      <Filter>Source Files</Filter>
    </ClCompile>
    <ClCompile Include="menu_backend.c">
      <Filter>Source Files</Filter>
    </ClCompile>
    <ClCompile Include="menu.c">
      <Filter>Source Files</Filter>
    </ClCompile>
    <ClCompile Include="notes.c">
      <Filter>Source Files</Filter>
    </ClCompile>
    <ClCompile Include="mods\animals.c">
      <Filter>Source Files\mods</Filter>
    </ClCompile>
    <ClCompile Include="mods\mods.c">
      <Filter>Source Files\mods</Filter>
    </ClCompile>
    <ClCompile Include="mods\net.c">
      <Filter>Source Files\mods</Filter>
    </ClCompile>
    <ClCompile Include="mods\scriptloader.c">
      <Filter>Source Files\mods</Filter>
    </ClCompile>
    <ClCompile Include="mods\self.c">
      <Filter>Source Files\mods</Filter>
    </ClCompile>
    <ClCompile Include="mods\teleport.c">
      <Filter>Source Files\mods</Filter>
    </ClCompile>
    <ClCompile Include="mods\vehicles.c">
      <Filter>Source Files\mods</Filter>
    </ClCompile>
    <ClCompile Include="mods\weapon.c">
      <Filter>Source Files\mods</Filter>
    </ClCompile>
    <ClCompile Include="mods\world.c">
      <Filter>Source Files\mods</Filter>
    </ClCompile>
    <ClCompile Include="..\include\common.c">
      <Filter>include\SC-CL</Filter>
    </ClCompile>
  </ItemGroup>
  <ItemGroup>
    <CustomBuild Include="main.c">
      <Filter>Source Files</Filter>
    </CustomBuild>
  </ItemGroup>
</Project>